
Microsoft Visual Studio Solution File, Format Version 12.00
# Visual Studio 2013
VisualStudioVersion = 12.0.30110.0
MinimumVisualStudioVersion = 10.0.40219.1
Project("{FAE04EC0-301F-11D3-BF4B-00C04F79EFBC}") = "CSharpCodeSnippets", "CSharpCodeSnippets\CSharpCodeSnippets.csproj", "{47AA66FF-23EE-4F03-BC2B-D20260724BCD}"
EndProject
Project("{FAE04EC0-301F-11D3-BF4B-00C04F79EFBC}") = "CSharpCodeSnippets.Tests", "CSharpCodeSnippets.Tests\CSharpCodeSnippets.Tests.csproj", "{9966B2EB-1584-41E9-A305-6D79C95FAAC6}"
EndProject
Project("{FAE04EC0-301F-11D3-BF4B-00C04F79EFBC}") = "CSharpCodeSnippets.FizzBuzzPi", "CSharpCodeSnippets.FizzBuzzPi\CSharpCodeSnippets.FizzBuzzPi.csproj", "{FB4159D2-5CA6-491D-BD1D-00C0266F26C0}"
EndProject
Global
	GlobalSection(SolutionConfigurationPlatforms) = preSolution
		Debug|Any CPU = Debug|Any CPU
		Release|Any CPU = Release|Any CPU
	EndGlobalSection
	GlobalSection(ProjectConfigurationPlatforms) = postSolution
		{47AA66FF-23EE-4F03-BC2B-D20260724BCD}.Debug|Any CPU.ActiveCfg = Debug|Any CPU
		{47AA66FF-23EE-4F03-BC2B-D20260724BCD}.Debug|Any CPU.Build.0 = Debug|Any CPU
		{47AA66FF-23EE-4F03-BC2B-D20260724BCD}.Release|Any CPU.ActiveCfg = Release|Any CPU
		{47AA66FF-23EE-4F03-BC2B-D20260724BCD}.Release|Any CPU.Build.0 = Release|Any CPU
		{9966B2EB-1584-41E9-A305-6D79C95FAAC6}.Debug|Any CPU.ActiveCfg = Debug|Any CPU
		{9966B2EB-1584-41E9-A305-6D79C95FAAC6}.Debug|Any CPU.Build.0 = Debug|Any CPU
		{9966B2EB-1584-41E9-A305-6D79C95FAAC6}.Release|Any CPU.ActiveCfg = Release|Any CPU
		{9966B2EB-1584-41E9-A305-6D79C95FAAC6}.Release|Any CPU.Build.0 = Release|Any CPU
		{FB4159D2-5CA6-491D-BD1D-00C0266F26C0}.Debug|Any CPU.ActiveCfg = Debug|Any CPU
		{FB4159D2-5CA6-491D-BD1D-00C0266F26C0}.Debug|Any CPU.Build.0 = Debug|Any CPU
		{FB4159D2-5CA6-491D-BD1D-00C0266F26C0}.Release|Any CPU.ActiveCfg = Release|Any CPU
		{FB4159D2-5CA6-491D-BD1D-00C0266F26C0}.Release|Any CPU.Build.0 = Release|Any CPU
	EndGlobalSection
	GlobalSection(SolutionProperties) = preSolution
		HideSolutionNode = FALSE
	EndGlobalSection
EndGlobal
